{
  "name": "12_mybank",
  "version": "1.0.0",
  "lockfileVersion": 3,
  "requires": true,
  "packages": {
    "": {
      "name": "12_mybank",
      "version": "1.0.0",
      "license": "MIT",
      "dependencies": {
        "12_mybank": "^1.0.0"
      },
      "bin": {
        "12_mybank": "bank.js"
      }
    },
    "node_modules/12_mybank": {
      "version": "1.0.0",
      "resolved": "https://registry.npmjs.org/12_mybank/-/12_mybank-1.0.0.tgz",
      "integrity": "sha512-joTDqbWa7Ev+lxhizxPnxrLoa2GKqCN5DRGZ5XVgUYvuKYjM6hx7E63cBe89btCdKJUxuxkbjnL2aMTEeHt2Xw==",
      "bin": {
        "12_mybank": "bank.js"
      }
    }
  }
}
